// !$*UTF8*$!
{
	archiveVersion = 1;
	classes = {
	};
	objectVersion = 55;
	objects = {

/* Begin PBXBuildFile section */
		4B355B8B288EBD7800CD1BCE /* ViewController2.swift in Sources */ = {isa = PBXBuildFile; fileRef = 4B355B8A288EBD7800CD1BCE /* ViewController2.swift */; };
		4B355B8D288EBD8800CD1BCE /* ViewController3.swift in Sources */ = {isa = PBXBuildFile; fileRef = 4B355B8C288EBD8800CD1BCE /* ViewController3.swift */; };
		4B355B95288ED4D400CD1BCE /* NetworkManager.swift in Sources */ = {isa = PBXBuildFile; fileRef = 4B355B94288ED4D400CD1BCE /* NetworkManager.swift */; };
		4B565E51288C2236003615EE /* AppDelegate.swift in Sources */ = {isa = PBXBuildFile; fileRef = 4B565E50288C2236003615EE /* AppDelegate.swift */; };
		4B565E53288C2236003615EE /* SceneDelegate.swift in Sources */ = {isa = PBXBuildFile; fileRef = 4B565E52288C2236003615EE /* SceneDelegate.swift */; };
		4B565E55288C2236003615EE /* ViewController1.swift in Sources */ = {isa = PBXBuildFile; fileRef = 4B565E54288C2236003615EE /* ViewController1.swift */; };
		4B565E58288C2236003615EE /* Main.storyboard in Resources */ = {isa = PBXBuildFile; fileRef = 4B565E56288C2236003615EE /* Main.storyboard */; };
		4B565E5A288C2239003615EE /* Assets.xcassets in Resources */ = {isa = PBXBuildFile; fileRef = 4B565E59288C2239003615EE /* Assets.xcassets */; };
		4B565E5D288C2239003615EE /* LaunchScreen.storyboard in Resources */ = {isa = PBXBuildFile; fileRef = 4B565E5B288C2239003615EE /* LaunchScreen.storyboard */; };
		4B565E6A288C2DF3003615EE /* WeatherTableViewCell.swift in Sources */ = {isa = PBXBuildFile; fileRef = 4B565E69288C2DF3003615EE /* WeatherTableViewCell.swift */; };
		4B565E6D288C3943003615EE /* Weather.swift in Sources */ = {isa = PBXBuildFile; fileRef = 4B565E6C288C3943003615EE /* Weather.swift */; };
/* End PBXBuildFile section */

/* Begin PBXFileReference section */
		4B355B8A288EBD7800CD1BCE /* ViewController2.swift */ = {isa = PBXFileReference; lastKnownFileType = sourcecode.swift; path = ViewController2.swift; sourceTree = "<group>"; };
		4B355B8C288EBD8800CD1BCE /* ViewController3.swift */ = {isa = PBXFileReference; lastKnownFileType = sourcecode.swift; path = ViewController3.swift; sourceTree = "<group>"; };
		4B355B94288ED4D400CD1BCE /* NetworkManager.swift */ = {isa = PBXFileReference; lastKnownFileType = sourcecode.swift; path = NetworkManager.swift; sourceTree = "<group>"; };
		4B565E4D288C2236003615EE /* WeatherApp.app */ = {isa = PBXFileReference; explicitFileType = wrapper.application; includeInIndex = 0; path = WeatherApp.app; sourceTree = BUILT_PRODUCTS_DIR; };
		4B565E50288C2236003615EE /* AppDelegate.swift */ = {isa = PBXFileReference; lastKnownFileType = sourcecode.swift; path = AppDelegate.swift; sourceTree = "<group>"; };
		4B565E52288C2236003615EE /* SceneDelegate.swift */ = {isa = PBXFileReference; lastKnownFileType = sourcecode.swift; path = SceneDelegate.swift; sourceTree = "<group>"; };
		4B565E54288C2236003615EE /* ViewController1.swift */ = {isa = PBXFileReference; lastKnownFileType = sourcecode.swift; path = ViewController1.swift; sourceTree = "<group>"; };
		4B565E57288C2236003615EE /* Base */ = {isa = PBXFileReference; lastKnownFileType = file.storyboard; name = Base; path = Base.lproj/Main.storyboard; sourceTree = "<group>"; };
		4B565E59288C2239003615EE /* Assets.xcassets */ = {isa = PBXFileReference; lastKnownFileType = folder.assetcatalog; path = Assets.xcassets; sourceTree = "<group>"; };
		4B565E5C288C2239003615EE /* Base */ = {isa = PBXFileReference; lastKnownFileType = file.storyboard; name = Base; path = Base.lproj/LaunchScreen.storyboard; sourceTree = "<group>"; };
		4B565E5E288C2239003615EE /* Info.plist */ = {isa = PBXFileReference; lastKnownFileType = text.plist.xml; path = Info.plist; sourceTree = "<group>"; };
		4B565E69288C2DF3003615EE /* WeatherTableViewCell.swift */ = {isa = PBXFileReference; lastKnownFileType = sourcecode.swift; path = WeatherTableViewCell.swift; sourceTree = "<group>"; };
		4B565E6C288C3943003615EE /* Weather.swift */ = {isa = PBXFileReference; lastKnownFileType = sourcecode.swift; path = Weather.swift; sourceTree = "<group>"; };
/* End PBXFileReference section */

/* Begin PBXFrameworksBuildPhase section */
		4B565E4A288C2236003615EE /* Frameworks */ = {
			isa = PBXFrameworksBuildPhase;
			buildActionMask = 2147483647;
			files = (
			);
			runOnlyForDeploymentPostprocessing = 0;
		};
/* End PBXFrameworksBuildPhase section */

/* Begin PBXGroup section */
		4B355B96288ED4DD00CD1BCE /* Networking */ = {
			isa = PBXGroup;
			children = (
				4B355B94288ED4D400CD1BCE /* NetworkManager.swift */,
			);
			path = Networking;
			sourceTree = "<group>";
		};
		4B355B97288ED52200CD1BCE /* Screens */ = {
			isa = PBXGroup;
			children = (
				4B565E67288C2449003615EE /* View */,
				4B565E68288C2452003615EE /* Controller */,
				4B565E6B288C3935003615EE /* Model */,
			);
			path = Screens;
			sourceTree = "<group>";
		};
		4B565E44288C2236003615EE = {
			isa = PBXGroup;
			children = (
				4B565E4F288C2236003615EE /* WeatherApp */,
				4B565E4E288C2236003615EE /* Products */,
			);
			sourceTree = "<group>";
		};
		4B565E4E288C2236003615EE /* Products */ = {
			isa = PBXGroup;
			children = (
				4B565E4D288C2236003615EE /* WeatherApp.app */,
			);
			name = Products;
			sourceTree = "<group>";
		};
		4B565E4F288C2236003615EE /* WeatherApp */ = {
			isa = PBXGroup;
			children = (
				4B565E65288C2428003615EE /* SupportingFiles */,
				4B565E64288C2421003615EE /* App */,
			);
			path = WeatherApp;
			sourceTree = "<group>";
		};
		4B565E64288C2421003615EE /* App */ = {
			isa = PBXGroup;
			children = (
				4B355B96288ED4DD00CD1BCE /* Networking */,
				4B565E66288C2442003615EE /* Delegates */,
				4B565E50288C2236003615EE /* AppDelegate.swift */,
				4B565E52288C2236003615EE /* SceneDelegate.swift */,
			);
			name = App;
			path = "aü";
			sourceTree = "<group>";
		};
		4B565E65288C2428003615EE /* SupportingFiles */ = {
			isa = PBXGroup;
			children = (
				4B355B97288ED52200CD1BCE /* Screens */,
				4B565E59288C2239003615EE /* Assets.xcassets */,
				4B565E5E288C2239003615EE /* Info.plist */,
			);
			path = SupportingFiles;
			sourceTree = "<group>";
		};
		4B565E66288C2442003615EE /* Delegates */ = {
			isa = PBXGroup;
			children = (
			);
			path = Delegates;
			sourceTree = "<group>";
		};
		4B565E67288C2449003615EE /* View */ = {
			isa = PBXGroup;
			children = (
				4B565E56288C2236003615EE /* Main.storyboard */,
				4B565E5B288C2239003615EE /* LaunchScreen.storyboard */,
				4B565E69288C2DF3003615EE /* WeatherTableViewCell.swift */,
			);
			path = View;
			sourceTree = "<group>";
		};
		4B565E68288C2452003615EE /* Controller */ = {
			isa = PBXGroup;
			children = (
				4B565E54288C2236003615EE /* ViewController1.swift */,
				4B355B8A288EBD7800CD1BCE /* ViewController2.swift */,
				4B355B8C288EBD8800CD1BCE /* ViewController3.swift */,
			);
			path = Controller;
			sourceTree = "<group>";
		};
		4B565E6B288C3935003615EE /* Model */ = {
			isa = PBXGroup;
			children = (
				4B565E6C288C3943003615EE /* Weather.swift */,
			);
			path = Model;
			sourceTree = "<group>";
		};
/* End PBXGroup section */

/* Begin PBXNativeTarget section */
		4B565E4C288C2236003615EE /* WeatherApp */ = {
			isa = PBXNativeTarget;
			buildConfigurationList = 4B565E61288C2239003615EE /* Build configuration list for PBXNativeTarget "WeatherApp" */;
			buildPhases = (
				4B565E49288C2236003615EE /* Sources */,
				4B565E4A288C2236003615EE /* Frameworks */,
				4B565E4B288C2236003615EE /* Resources */,
			);
			buildRules = (
			);
			dependencies = (
			);
			name = WeatherApp;
			productName = WeatherApp;
			productReference = 4B565E4D288C2236003615EE /* WeatherApp.app */;
			productType = "com.apple.product-type.application";
		};
/* End PBXNativeTarget section */

/* Begin PBXProject section */
		4B565E45288C2236003615EE /* Project object */ = {
			isa = PBXProject;
			attributes = {
				BuildIndependentTargetsInParallel = 1;
				LastSwiftUpdateCheck = 1340;
				LastUpgradeCheck = 1340;
				TargetAttributes = {
					4B565E4C288C2236003615EE = {
						CreatedOnToolsVersion = 13.4;
					};
				};
			};
			buildConfigurationList = 4B565E48288C2236003615EE /* Build configuration list for PBXProject "WeatherApp" */;
			compatibilityVersion = "Xcode 13.0";
			developmentRegion = en;
			hasScannedForEncodings = 0;
			knownRegions = (
				en,
				Base,
			);
			mainGroup = 4B565E44288C2236003615EE;
			productRefGroup = 4B565E4E288C2236003615EE /* Products */;
			projectDirPath = "";
			projectRoot = "";
			targets = (
				4B565E4C288C2236003615EE /* WeatherApp */,
			);
		};
/* End PBXProject section */

/* Begin PBXResourcesBuildPhase section */
		4B565E4B288C2236003615EE /* Resources */ = {
			isa = PBXResourcesBuildPhase;
			buildActionMask = 2147483647;
			files = (
				4B565E5D288C2239003615EE /* LaunchScreen.storyboard in Resources */,
				4B565E5A288C2239003615EE /* Assets.xcassets in Resources */,
				4B565E58288C2236003615EE /* Main.storyboard in Resources */,
			);
			runOnlyForDeploymentPostprocessing = 0;
		};
/* End PBXResourcesBuildPhase section */

/* Begin PBXSourcesBuildPhase section */
		4B565E49288C2236003615EE /* Sources */ = {
			isa = PBXSourcesBuildPhase;
			buildActionMask = 2147483647;
			files = (
				4B565E6A288C2DF3003615EE /* WeatherTableViewCell.swift in Sources */,
				4B565E55288C2236003615EE /* ViewController1.swift in Sources */,
				4B355B95288ED4D400CD1BCE /* NetworkManager.swift in Sources */,
				4B565E51288C2236003615EE /* AppDelegate.swift in Sources */,
				4B565E53288C2236003615EE /* SceneDelegate.swift in Sources */,
				4B565E6D288C3943003615EE /* Weather.swift in Sources */,
				4B355B8D288EBD8800CD1BCE /* ViewController3.swift in Sources */,
				4B355B8B288EBD7800CD1BCE /* ViewController2.swift in Sources */,
			);
			runOnlyForDeploymentPostprocessing = 0;
		};
/* End PBXSourcesBuildPhase section */

/* Begin PBXVariantGroup section */
		4B565E56288C2236003615EE /* Main.storyboard */ = {
			isa = PBXVariantGroup;
			children = (
				4B565E57288C2236003615EE /* Base */,
			);
			name = Main.storyboard;
			sourceTree = "<group>";
		};
		4B565E5B288C2239003615EE /* LaunchScreen.storyboard */ = {
			isa = PBXVariantGroup;
			children = (
				4B565E5C288C2239003615EE /* Base */,
			);
			name = LaunchScreen.storyboard;
			sourceTree = "<group>";
		};
/* End PBXVariantGroup section */

/* Begin XCBuildConfiguration section */
		4B565E5F288C2239003615EE /* Debug */ = {
			isa = XCBuildConfiguration;
			buildSettings = {
				ALWAYS_SEARCH_USER_PATHS = NO;
				CLANG_ANALYZER_NONNULL = YES;
				CLANG_ANALYZER_NUMBER_OBJECT_CONVERSION = YES_AGGRESSIVE;
				CLANG_CXX_LANGUAGE_STANDARD = "gnu++17";
				CLANG_ENABLE_MODULES = YES;
				CLANG_ENABLE_OBJC_ARC = YES;
				CLANG_ENABLE_OBJC_WEAK = YES;
				CLANG_WARN_BLOCK_CAPTURE_AUTORELEASING = YES;
				CLANG_WARN_BOOL_CONVERSION = YES;
				CLANG_WARN_COMMA = YES;
				CLANG_WARN_CONSTANT_CONVERSION = YES;
				CLANG_WARN_DEPRECATED_OBJC_IMPLEMENTATIONS = YES;
				CLANG_WARN_DIRECT_OBJC_ISA_USAGE = YES_ERROR;
				CLANG_WARN_DOCUMENTATION_COMMENTS = YES;
				CLANG_WARN_EMPTY_BODY = YES;
				CLANG_WARN_ENUM_CONVERSION = YES;
				CLANG_WARN_INFINITE_RECURSION = YES;
				CLANG_WARN_INT_CONVERSION = YES;
				CLANG_WARN_NON_LITERAL_NULL_CONVERSION = YES;
				CLANG_WARN_OBJC_IMPLICIT_RETAIN_SELF = YES;
				CLANG_WARN_OBJC_LITERAL_CONVERSION = YES;
				CLANG_WARN_OBJC_ROOT_CLASS = YES_ERROR;
				CLANG_WARN_QUOTED_INCLUDE_IN_FRAMEWORK_HEADER = YES;
				CLANG_WARN_RANGE_LOOP_ANALYSIS = YES;
				CLANG_WARN_STRICT_PROTOTYPES = YES;
				CLANG_WARN_SUSPICIOUS_MOVE = YES;
				CLANG_WARN_UNGUARDED_AVAILABILITY = YES_AGGRESSIVE;
				CLANG_WARN_UNREACHABLE_CODE = YES;
				CLANG_WARN__DUPLICATE_METHOD_MATCH = YES;
				COPY_PHASE_STRIP = NO;
				DEBUG_INFORMATION_FORMAT = dwarf;
				ENABLE_STRICT_OBJC_MSGSEND = YES;
				ENABLE_TESTABILITY = YES;
				GCC_C_LANGUAGE_STANDARD = gnu11;
				GCC_DYNAMIC_NO_PIC = NO;
				GCC_NO_COMMON_BLOCKS = YES;
				GCC_OPTIMIZATION_LEVEL = 0;
				GCC_PREPROCESSOR_DEFINITIONS = (
					"DEBUG=1",
					"$(inherited)",
				);
				GCC_WARN_64_TO_32_BIT_CONVERSION = YES;
				GCC_WARN_ABOUT_RETURN_TYPE = YES_ERROR;
				GCC_WARN_UNDECLARED_SELECTOR = YES;
				GCC_WARN_UNINITIALIZED_AUTOS = YES_AGGRESSIVE;
				GCC_WARN_UNUSED_FUNCTION = YES;
				GCC_WARN_UNUSED_VARIABLE = YES;
				IPHONEOS_DEPLOYMENT_TARGET = 15.5;
				MTL_ENABLE_DEBUG_INFO = INCLUDE_SOURCE;
				MTL_FAST_MATH = YES;
				ONLY_ACTIVE_ARCH = YES;
				SDKROOT = iphoneos;
				SWIFT_ACTIVE_COMPILATION_CONDITIONS = DEBUG;
				SWIFT_OPTIMIZATION_LEVEL = "-Onone";
			};
			name = Debug;
		};
		4B565E60288C2239003615EE /* Release */ = {
			isa = XCBuildConfiguration;
			buildSettings = {
				ALWAYS_SEARCH_USER_PATHS = NO;
				CLANG_ANALYZER_NONNULL = YES;
				CLANG_ANALYZER_NUMBER_OBJECT_CONVERSION = YES_AGGRESSIVE;
				CLANG_CXX_LANGUAGE_STANDARD = "gnu++17";
				CLANG_ENABLE_MODULES = YES;
				CLANG_ENABLE_OBJC_ARC = YES;
				CLANG_ENABLE_OBJC_WEAK = YES;
				CLANG_WARN_BLOCK_CAPTURE_AUTORELEASING = YES;
				CLANG_WARN_BOOL_CONVERSION = YES;
				CLANG_WARN_COMMA = YES;
				CLANG_WARN_CONSTANT_CONVERSION = YES;
				CLANG_WARN_DEPRECATED_OBJC_IMPLEMENTATIONS = YES;
				CLANG_WARN_DIRECT_OBJC_ISA_USAGE = YES_ERROR;
				CLANG_WARN_DOCUMENTATION_COMMENTS = YES;
				CLANG_WARN_EMPTY_BODY = YES;
				CLANG_WARN_ENUM_CONVERSION = YES;
				CLANG_WARN_INFINITE_RECURSION = YES;
				CLANG_WARN_INT_CONVERSION = YES;
				CLANG_WARN_NON_LITERAL_NULL_CONVERSION = YES;
				CLANG_WARN_OBJC_IMPLICIT_RETAIN_SELF = YES;
				CLANG_WARN_OBJC_LITERAL_CONVERSION = YES;
				CLANG_WARN_OBJC_ROOT_CLASS = YES_ERROR;
				CLANG_WARN_QUOTED_INCLUDE_IN_FRAMEWORK_HEADER = YES;
				CLANG_WARN_RANGE_LOOP_ANALYSIS = YES;
				CLANG_WARN_STRICT_PROTOTYPES = YES;
				CLANG_WARN_SUSPICIOUS_MOVE = YES;
				CLANG_WARN_UNGUARDED_AVAILABILITY = YES_AGGRESSIVE;
				CLANG_WARN_UNREACHABLE_CODE = YES;
				CLANG_WARN__DUPLICATE_METHOD_MATCH = YES;
				COPY_PHASE_STRIP = NO;
				DEBUG_INFORMATION_FORMAT = "dwarf-with-dsym";
				ENABLE_NS_ASSERTIONS = NO;
				ENABLE_STRICT_OBJC_MSGSEND = YES;
				GCC_C_LANGUAGE_STANDARD = gnu11;
				GCC_NO_COMMON_BLOCKS = YES;
				GCC_WARN_64_TO_32_BIT_CONVERSION = YES;
				GCC_WARN_ABOUT_RETURN_TYPE = YES_ERROR;
				GCC_WARN_UNDECLARED_SELECTOR = YES;
				GCC_WARN_UNINITIALIZED_AUTOS = YES_AGGRESSIVE;
				GCC_WARN_UNUSED_FUNCTION = YES;
				GCC_WARN_UNUSED_VARIABLE = YES;
				IPHONEOS_DEPLOYMENT_TARGET = 15.5;
				MTL_ENABLE_DEBUG_INFO = NO;
				MTL_FAST_MATH = YES;
				SDKROOT = iphoneos;
				SWIFT_COMPILATION_MODE = wholemodule;
				SWIFT_OPTIMIZATION_LEVEL = "-O";
				VALIDATE_PRODUCT = YES;
			};
			name = Release;
		};
		4B565E62288C2239003615EE /* Debug */ = {
			isa = XCBuildConfiguration;
			buildSettings = {
				ASSETCATALOG_COMPILER_APPICON_NAME = AppIcon;
				ASSETCATALOG_COMPILER_GLOBAL_ACCENT_COLOR_NAME = AccentColor;
				CODE_SIGN_STYLE = Automatic;
				CURRENT_PROJECT_VERSION = 1;
				DEVELOPMENT_TEAM = 3H4FFRY969;
				GENERATE_INFOPLIST_FILE = YES;
				INFOPLIST_FILE = WeatherApp/SupportingFiles/Info.plist;
				INFOPLIST_KEY_UIApplicationSupportsIndirectInputEvents = YES;
				INFOPLIST_KEY_UILaunchStoryboardName = LaunchScreen;
				INFOPLIST_KEY_UIMainStoryboardFile = Main;
				INFOPLIST_KEY_UISupportedInterfaceOrientations_iPad = "UIInterfaceOrientationPortrait UIInterfaceOrientationPortraitUpsideDown UIInterfaceOrientationLandscapeLeft UIInterfaceOrientationLandscapeRight";
				INFOPLIST_KEY_UISupportedInterfaceOrientations_iPhone = "UIInterfaceOrientationPortrait UIInterfaceOrientationLandscapeLeft UIInterfaceOrientationLandscapeRight";
				LD_RUNPATH_SEARCH_PATHS = (
					"$(inherited)",
					"@executable_path/Frameworks",
				);
				MARKETING_VERSION = 1.0;
				PRODUCT_BUNDLE_IDENTIFIER = com.hasankaya.WeatherApp;
				PRODUCT_NAME = "$(TARGET_NAME)";
				SWIFT_EMIT_LOC_STRINGS = YES;
				SWIFT_VERSION = 5.0;
				TARGETED_DEVICE_FAMILY = "1,2";
			};
			name = Debug;
		};
		4B565E63288C2239003615EE /* Release */ = {
			isa = XCBuildConfiguration;
			buildSettings = {
				ASSETCATALOG_COMPILER_APPICON_NAME = AppIcon;
				ASSETCATALOG_COMPILER_GLOBAL_ACCENT_COLOR_NAME = AccentColor;
				CODE_SIGN_STYLE = Automatic;
				CURRENT_PROJECT_VERSION = 1;
				DEVELOPMENT_TEAM = 3H4FFRY969;
				GENERATE_INFOPLIST_FILE = YES;
				INFOPLIST_FILE = WeatherApp/SupportingFiles/Info.plist;
				INFOPLIST_KEY_UIApplicationSupportsIndirectInputEvents = YES;
				INFOPLIST_KEY_UILaunchStoryboardName = LaunchScreen;
				INFOPLIST_KEY_UIMainStoryboardFile = Main;
				INFOPLIST_KEY_UISupportedInterfaceOrientations_iPad = "UIInterfaceOrientationPortrait UIInterfaceOrientationPortraitUpsideDown UIInterfaceOrientationLandscapeLeft UIInterfaceOrientationLandscapeRight";
				INFOPLIST_KEY_UISupportedInterfaceOrientations_iPhone = "UIInterfaceOrientationPortrait UIInterfaceOrientationLandscapeLeft UIInterfaceOrientationLandscapeRight";
				LD_RUNPATH_SEARCH_PATHS = (
					"$(inherited)",
					"@executable_path/Frameworks",
				);
				MARKETING_VERSION = 1.0;
				PRODUCT_BUNDLE_IDENTIFIER = com.hasankaya.WeatherApp;
				PRODUCT_NAME = "$(TARGET_NAME)";
				SWIFT_EMIT_LOC_STRINGS = YES;
				SWIFT_VERSION = 5.0;
				TARGETED_DEVICE_FAMILY = "1,2";
			};
			name = Release;
		};
/* End XCBuildConfiguration section */

/* Begin XCConfigurationList section */
		4B565E48288C2236003615EE /* Build configuration list for PBXProject "WeatherApp" */ = {
			isa = XCConfigurationList;
			buildConfigurations = (
				4B565E5F288C2239003615EE /* Debug */,
				4B565E60288C2239003615EE /* Release */,
			);
			defaultConfigurationIsVisible = 0;
			defaultConfigurationName = Release;
		};
		4B565E61288C2239003615EE /* Build configuration list for PBXNativeTarget "WeatherApp" */ = {
			isa = XCConfigurationList;
			buildConfigurations = (
				4B565E62288C2239003615EE /* Debug */,
				4B565E63288C2239003615EE /* Release */,
			);
			defaultConfigurationIsVisible = 0;
			defaultConfigurationName = Release;
		};
/* End XCConfigurationList section */
	};
	rootObject = 4B565E45288C2236003615EE /* Project object */;
}
